
Microsoft Visual Studio Solution File, Format Version 12.00
# Visual Studio Version 17
VisualStudioVersion = 17.5.33530.505
MinimumVisualStudioVersion = 10.0.40219.1
Project("{FAE04EC0-301F-11D3-BF4B-00C04F79EFBC}") = "Membros estaticos 1", "Membros estaticos 1\Membros estaticos 1.csproj", "{AF211BCE-179D-4B7C-B3D7-4CCA4DC0ECDA}"
EndProject
Global
	GlobalSection(SolutionConfigurationPlatforms) = preSolution
		Debug|Any CPU = Debug|Any CPU
		Release|Any CPU = Release|Any CPU
	EndGlobalSection
	GlobalSection(ProjectConfigurationPlatforms) = postSolution
		{AF211BCE-179D-4B7C-B3D7-4CCA4DC0ECDA}.Debug|Any CPU.ActiveCfg = Debug|Any CPU
		{AF211BCE-179D-4B7C-B3D7-4CCA4DC0ECDA}.Debug|Any CPU.Build.0 = Debug|Any CPU
		{AF211BCE-179D-4B7C-B3D7-4CCA4DC0ECDA}.Release|Any CPU.ActiveCfg = Release|Any CPU
		{AF211BCE-179D-4B7C-B3D7-4CCA4DC0ECDA}.Release|Any CPU.Build.0 = Release|Any CPU
	EndGlobalSection
	GlobalSection(SolutionProperties) = preSolution
		HideSolutionNode = FALSE
	EndGlobalSection
	GlobalSection(ExtensibilityGlobals) = postSolution
		SolutionGuid = {128424E7-21BF-4D39-9A6E-B2B54639D8E3}
	EndGlobalSection
EndGlobal
